
Microsoft Visual Studio Solution File, Format Version 12.00
# Visual Studio Version 17
VisualStudioVersion = 17.0.31903.59
MinimumVisualStudioVersion = 10.0.40219.1
Project("{FAE04EC0-301F-11D3-BF4B-00C04F79EFBC}") = "Api", "Api\Api.csproj", "{92F41D52-70D3-49A4-A025-6E768BE710D0}"
EndProject
Project("{FAE04EC0-301F-11D3-BF4B-00C04F79EFBC}") = "Domain", "Domain\Domain.csproj", "{97BD53FC-75A6-4738-9917-2B59432FDADA}"
EndProject
Project("{FAE04EC0-301F-11D3-BF4B-00C04F79EFBC}") = "Application", "Application\Application.csproj", "{99431386-8382-4F1A-B978-4F8855A32AF3}"
EndProject
Project("{FAE04EC0-301F-11D3-BF4B-00C04F79EFBC}") = "Infrastructure", "Infrastructure\Infrastructure.csproj", "{84A49B90-CFAB-474D-9966-8BD4A6E2CFCB}"
EndProject
Global
	GlobalSection(SolutionConfigurationPlatforms) = preSolution
		Debug|Any CPU = Debug|Any CPU
		Debug|x64 = Debug|x64
		Debug|x86 = Debug|x86
		Release|Any CPU = Release|Any CPU
		Release|x64 = Release|x64
		Release|x86 = Release|x86
	EndGlobalSection
	GlobalSection(ProjectConfigurationPlatforms) = postSolution
		{92F41D52-70D3-49A4-A025-6E768BE710D0}.Debug|Any CPU.ActiveCfg = Debug|Any CPU
		{92F41D52-70D3-49A4-A025-6E768BE710D0}.Debug|Any CPU.Build.0 = Debug|Any CPU
		{92F41D52-70D3-49A4-A025-6E768BE710D0}.Debug|x64.ActiveCfg = Debug|Any CPU
		{92F41D52-70D3-49A4-A025-6E768BE710D0}.Debug|x64.Build.0 = Debug|Any CPU
		{92F41D52-70D3-49A4-A025-6E768BE710D0}.Debug|x86.ActiveCfg = Debug|Any CPU
		{92F41D52-70D3-49A4-A025-6E768BE710D0}.Debug|x86.Build.0 = Debug|Any CPU
		{92F41D52-70D3-49A4-A025-6E768BE710D0}.Release|Any CPU.ActiveCfg = Release|Any CPU
		{92F41D52-70D3-49A4-A025-6E768BE710D0}.Release|Any CPU.Build.0 = Release|Any CPU
		{92F41D52-70D3-49A4-A025-6E768BE710D0}.Release|x64.ActiveCfg = Release|Any CPU
		{92F41D52-70D3-49A4-A025-6E768BE710D0}.Release|x64.Build.0 = Release|Any CPU
		{92F41D52-70D3-49A4-A025-6E768BE710D0}.Release|x86.ActiveCfg = Release|Any CPU
		{92F41D52-70D3-49A4-A025-6E768BE710D0}.Release|x86.Build.0 = Release|Any CPU
		{97BD53FC-75A6-4738-9917-2B59432FDADA}.Debug|Any CPU.ActiveCfg = Debug|Any CPU
		{97BD53FC-75A6-4738-9917-2B59432FDADA}.Debug|Any CPU.Build.0 = Debug|Any CPU
		{97BD53FC-75A6-4738-9917-2B59432FDADA}.Debug|x64.ActiveCfg = Debug|Any CPU
		{97BD53FC-75A6-4738-9917-2B59432FDADA}.Debug|x64.Build.0 = Debug|Any CPU
		{97BD53FC-75A6-4738-9917-2B59432FDADA}.Debug|x86.ActiveCfg = Debug|Any CPU
		{97BD53FC-75A6-4738-9917-2B59432FDADA}.Debug|x86.Build.0 = Debug|Any CPU
		{97BD53FC-75A6-4738-9917-2B59432FDADA}.Release|Any CPU.ActiveCfg = Release|Any CPU
		{97BD53FC-75A6-4738-9917-2B59432FDADA}.Release|Any CPU.Build.0 = Release|Any CPU
		{97BD53FC-75A6-4738-9917-2B59432FDADA}.Release|x64.ActiveCfg = Release|Any CPU
		{97BD53FC-75A6-4738-9917-2B59432FDADA}.Release|x64.Build.0 = Release|Any CPU
		{97BD53FC-75A6-4738-9917-2B59432FDADA}.Release|x86.ActiveCfg = Release|Any CPU
		{97BD53FC-75A6-4738-9917-2B59432FDADA}.Release|x86.Build.0 = Release|Any CPU
		{99431386-8382-4F1A-B978-4F8855A32AF3}.Debug|Any CPU.ActiveCfg = Debug|Any CPU
		{99431386-8382-4F1A-B978-4F8855A32AF3}.Debug|Any CPU.Build.0 = Debug|Any CPU
		{99431386-8382-4F1A-B978-4F8855A32AF3}.Debug|x64.ActiveCfg = Debug|Any CPU
		{99431386-8382-4F1A-B978-4F8855A32AF3}.Debug|x64.Build.0 = Debug|Any CPU
		{99431386-8382-4F1A-B978-4F8855A32AF3}.Debug|x86.ActiveCfg = Debug|Any CPU
		{99431386-8382-4F1A-B978-4F8855A32AF3}.Debug|x86.Build.0 = Debug|Any CPU
		{99431386-8382-4F1A-B978-4F8855A32AF3}.Release|Any CPU.ActiveCfg = Release|Any CPU
		{99431386-8382-4F1A-B978-4F8855A32AF3}.Release|Any CPU.Build.0 = Release|Any CPU
		{99431386-8382-4F1A-B978-4F8855A32AF3}.Release|x64.ActiveCfg = Release|Any CPU
		{99431386-8382-4F1A-B978-4F8855A32AF3}.Release|x64.Build.0 = Release|Any CPU
		{99431386-8382-4F1A-B978-4F8855A32AF3}.Release|x86.ActiveCfg = Release|Any CPU
		{99431386-8382-4F1A-B978-4F8855A32AF3}.Release|x86.Build.0 = Release|Any CPU
		{84A49B90-CFAB-474D-9966-8BD4A6E2CFCB}.Debug|Any CPU.ActiveCfg = Debug|Any CPU
		{84A49B90-CFAB-474D-9966-8BD4A6E2CFCB}.Debug|Any CPU.Build.0 = Debug|Any CPU
		{84A49B90-CFAB-474D-9966-8BD4A6E2CFCB}.Debug|x64.ActiveCfg = Debug|Any CPU
		{84A49B90-CFAB-474D-9966-8BD4A6E2CFCB}.Debug|x64.Build.0 = Debug|Any CPU
		{84A49B90-CFAB-474D-9966-8BD4A6E2CFCB}.Debug|x86.ActiveCfg = Debug|Any CPU
		{84A49B90-CFAB-474D-9966-8BD4A6E2CFCB}.Debug|x86.Build.0 = Debug|Any CPU
		{84A49B90-CFAB-474D-9966-8BD4A6E2CFCB}.Release|Any CPU.ActiveCfg = Release|Any CPU
		{84A49B90-CFAB-474D-9966-8BD4A6E2CFCB}.Release|Any CPU.Build.0 = Release|Any CPU
		{84A49B90-CFAB-474D-9966-8BD4A6E2CFCB}.Release|x64.ActiveCfg = Release|Any CPU
		{84A49B90-CFAB-474D-9966-8BD4A6E2CFCB}.Release|x64.Build.0 = Release|Any CPU
		{84A49B90-CFAB-474D-9966-8BD4A6E2CFCB}.Release|x86.ActiveCfg = Release|Any CPU
		{84A49B90-CFAB-474D-9966-8BD4A6E2CFCB}.Release|x86.Build.0 = Release|Any CPU
	EndGlobalSection
	GlobalSection(SolutionProperties) = preSolution
		HideSolutionNode = FALSE
	EndGlobalSection
EndGlobal
